// !$*UTF8*$!
{
	archiveVersion = 1;
	classes = {
	};
	objectVersion = 56;
	objects = {

/* Begin PBXBuildFile section */
		F00FC94129C0F1EC00F31386 /* AppDelegate.swift in Sources */ = {isa = PBXBuildFile; fileRef = F00FC94029C0F1EC00F31386 /* AppDelegate.swift */; };
		F00FC94329C0F1EC00F31386 /* SceneDelegate.swift in Sources */ = {isa = PBXBuildFile; fileRef = F00FC94229C0F1EC00F31386 /* SceneDelegate.swift */; };
		F00FC94529C0F1EC00F31386 /* AnasayfaViewController.swift in Sources */ = {isa = PBXBuildFile; fileRef = F00FC94429C0F1EC00F31386 /* AnasayfaViewController.swift */; };
		F00FC94829C0F1EC00F31386 /* Main.storyboard in Resources */ = {isa = PBXBuildFile; fileRef = F00FC94629C0F1EC00F31386 /* Main.storyboard */; };
		F00FC94B29C0F1EC00F31386 /* MapApp.xcdatamodeld in Sources */ = {isa = PBXBuildFile; fileRef = F00FC94929C0F1EC00F31386 /* MapApp.xcdatamodeld */; };
		F00FC94D29C0F1F100F31386 /* Assets.xcassets in Resources */ = {isa = PBXBuildFile; fileRef = F00FC94C29C0F1F100F31386 /* Assets.xcassets */; };
		F00FC95029C0F1F100F31386 /* LaunchScreen.storyboard in Resources */ = {isa = PBXBuildFile; fileRef = F00FC94E29C0F1F100F31386 /* LaunchScreen.storyboard */; };
		F00FC95829C0F5D800F31386 /* VeriDetayViewController.swift in Sources */ = {isa = PBXBuildFile; fileRef = F00FC95729C0F5D800F31386 /* VeriDetayViewController.swift */; };
		F00FC95A29C0F5E400F31386 /* VeriEkleViewController.swift in Sources */ = {isa = PBXBuildFile; fileRef = F00FC95929C0F5E400F31386 /* VeriEkleViewController.swift */; };
		F00FC95D29C0FC0A00F31386 /* CoreData.framework in Frameworks */ = {isa = PBXBuildFile; fileRef = F00FC95C29C0FC0900F31386 /* CoreData.framework */; };
		F00FC95F29C0FC1100F31386 /* MapKit.framework in Frameworks */ = {isa = PBXBuildFile; fileRef = F00FC95E29C0FC1000F31386 /* MapKit.framework */; };
/* End PBXBuildFile section */

/* Begin PBXFileReference section */
		F00FC93D29C0F1EC00F31386 /* MapApp.app */ = {isa = PBXFileReference; explicitFileType = wrapper.application; includeInIndex = 0; path = MapApp.app; sourceTree = BUILT_PRODUCTS_DIR; };
		F00FC94029C0F1EC00F31386 /* AppDelegate.swift */ = {isa = PBXFileReference; lastKnownFileType = sourcecode.swift; path = AppDelegate.swift; sourceTree = "<group>"; };
		F00FC94229C0F1EC00F31386 /* SceneDelegate.swift */ = {isa = PBXFileReference; lastKnownFileType = sourcecode.swift; path = SceneDelegate.swift; sourceTree = "<group>"; };
		F00FC94429C0F1EC00F31386 /* AnasayfaViewController.swift */ = {isa = PBXFileReference; lastKnownFileType = sourcecode.swift; path = AnasayfaViewController.swift; sourceTree = "<group>"; };
		F00FC94729C0F1EC00F31386 /* Base */ = {isa = PBXFileReference; lastKnownFileType = file.storyboard; name = Base; path = Base.lproj/Main.storyboard; sourceTree = "<group>"; };
		F00FC94A29C0F1EC00F31386 /* MapApp.xcdatamodel */ = {isa = PBXFileReference; lastKnownFileType = wrapper.xcdatamodel; path = MapApp.xcdatamodel; sourceTree = "<group>"; };
		F00FC94C29C0F1F100F31386 /* Assets.xcassets */ = {isa = PBXFileReference; lastKnownFileType = folder.assetcatalog; path = Assets.xcassets; sourceTree = "<group>"; };
		F00FC94F29C0F1F100F31386 /* Base */ = {isa = PBXFileReference; lastKnownFileType = file.storyboard; name = Base; path = Base.lproj/LaunchScreen.storyboard; sourceTree = "<group>"; };
		F00FC95129C0F1F100F31386 /* Info.plist */ = {isa = PBXFileReference; lastKnownFileType = text.plist.xml; path = Info.plist; sourceTree = "<group>"; };
		F00FC95729C0F5D800F31386 /* VeriDetayViewController.swift */ = {isa = PBXFileReference; lastKnownFileType = sourcecode.swift; path = VeriDetayViewController.swift; sourceTree = "<group>"; };
		F00FC95929C0F5E400F31386 /* VeriEkleViewController.swift */ = {isa = PBXFileReference; lastKnownFileType = sourcecode.swift; path = VeriEkleViewController.swift; sourceTree = "<group>"; };
		F00FC95C29C0FC0900F31386 /* CoreData.framework */ = {isa = PBXFileReference; lastKnownFileType = wrapper.framework; name = CoreData.framework; path = System/Library/Frameworks/CoreData.framework; sourceTree = SDKROOT; };
		F00FC95E29C0FC1000F31386 /* MapKit.framework */ = {isa = PBXFileReference; lastKnownFileType = wrapper.framework; name = MapKit.framework; path = System/Library/Frameworks/MapKit.framework; sourceTree = SDKROOT; };
/* End PBXFileReference section */

/* Begin PBXFrameworksBuildPhase section */
		F00FC93A29C0F1EC00F31386 /* Frameworks */ = {
			isa = PBXFrameworksBuildPhase;
			buildActionMask = 2147483647;
			files = (
				F00FC95F29C0FC1100F31386 /* MapKit.framework in Frameworks */,
				F00FC95D29C0FC0A00F31386 /* CoreData.framework in Frameworks */,
			);
			runOnlyForDeploymentPostprocessing = 0;
		};
/* End PBXFrameworksBuildPhase section */

/* Begin PBXGroup section */
		F00FC93429C0F1EC00F31386 = {
			isa = PBXGroup;
			children = (
				F00FC93F29C0F1EC00F31386 /* MapApp */,
				F00FC93E29C0F1EC00F31386 /* Products */,
				F00FC95B29C0FC0900F31386 /* Frameworks */,
			);
			sourceTree = "<group>";
		};
		F00FC93E29C0F1EC00F31386 /* Products */ = {
			isa = PBXGroup;
			children = (
				F00FC93D29C0F1EC00F31386 /* MapApp.app */,
			);
			name = Products;
			sourceTree = "<group>";
		};
		F00FC93F29C0F1EC00F31386 /* MapApp */ = {
			isa = PBXGroup;
			children = (
				F00FC94029C0F1EC00F31386 /* AppDelegate.swift */,
				F00FC94229C0F1EC00F31386 /* SceneDelegate.swift */,
				F00FC94629C0F1EC00F31386 /* Main.storyboard */,
				F00FC94C29C0F1F100F31386 /* Assets.xcassets */,
				F00FC94E29C0F1F100F31386 /* LaunchScreen.storyboard */,
				F00FC94429C0F1EC00F31386 /* AnasayfaViewController.swift */,
				F00FC95729C0F5D800F31386 /* VeriDetayViewController.swift */,
				F00FC95929C0F5E400F31386 /* VeriEkleViewController.swift */,
				F00FC95129C0F1F100F31386 /* Info.plist */,
				F00FC94929C0F1EC00F31386 /* MapApp.xcdatamodeld */,
			);
			path = MapApp;
			sourceTree = "<group>";
		};
		F00FC95B29C0FC0900F31386 /* Frameworks */ = {
			isa = PBXGroup;
			children = (
				F00FC95E29C0FC1000F31386 /* MapKit.framework */,
				F00FC95C29C0FC0900F31386 /* CoreData.framework */,
			);
			name = Frameworks;
			sourceTree = "<group>";
		};
/* End PBXGroup section */

/* Begin PBXNativeTarget section */
		F00FC93C29C0F1EC00F31386 /* MapApp */ = {
			isa = PBXNativeTarget;
			buildConfigurationList = F00FC95429C0F1F100F31386 /* Build configuration list for PBXNativeTarget "MapApp" */;
			buildPhases = (
				F00FC93929C0F1EC00F31386 /* Sources */,
				F00FC93A29C0F1EC00F31386 /* Frameworks */,
				F00FC93B29C0F1EC00F31386 /* Resources */,
			);
			buildRules = (
			);
			dependencies = (
			);
			name = MapApp;
			productName = MapApp;
			productReference = F00FC93D29C0F1EC00F31386 /* MapApp.app */;
			productType = "com.apple.product-type.application";
		};
/* End PBXNativeTarget section */

/* Begin PBXProject section */
		F00FC93529C0F1EC00F31386 /* Project object */ = {
			isa = PBXProject;
			attributes = {
				BuildIndependentTargetsInParallel = 1;
				LastSwiftUpdateCheck = 1420;
				LastUpgradeCheck = 1420;
				TargetAttributes = {
					F00FC93C29C0F1EC00F31386 = {
						CreatedOnToolsVersion = 14.2;
					};
				};
			};
			buildConfigurationList = F00FC93829C0F1EC00F31386 /* Build configuration list for PBXProject "MapApp" */;
			compatibilityVersion = "Xcode 14.0";
			developmentRegion = en;
			hasScannedForEncodings = 0;
			knownRegions = (
				en,
				Base,
			);
			mainGroup = F00FC93429C0F1EC00F31386;
			productRefGroup = F00FC93E29C0F1EC00F31386 /* Products */;
			projectDirPath = "";
			projectRoot = "";
			targets = (
				F00FC93C29C0F1EC00F31386 /* MapApp */,
			);
		};
/* End PBXProject section */

/* Begin PBXResourcesBuildPhase section */
		F00FC93B29C0F1EC00F31386 /* Resources */ = {
			isa = PBXResourcesBuildPhase;
			buildActionMask = 2147483647;
			files = (
				F00FC95029C0F1F100F31386 /* LaunchScreen.storyboard in Resources */,
				F00FC94D29C0F1F100F31386 /* Assets.xcassets in Resources */,
				F00FC94829C0F1EC00F31386 /* Main.storyboard in Resources */,
			);
			runOnlyForDeploymentPostprocessing = 0;
		};
/* End PBXResourcesBuildPhase section */

/* Begin PBXSourcesBuildPhase section */
		F00FC93929C0F1EC00F31386 /* Sources */ = {
			isa = PBXSourcesBuildPhase;
			buildActionMask = 2147483647;
			files = (
				F00FC94529C0F1EC00F31386 /* AnasayfaViewController.swift in Sources */,
				F00FC94129C0F1EC00F31386 /* AppDelegate.swift in Sources */,
				F00FC94B29C0F1EC00F31386 /* MapApp.xcdatamodeld in Sources */,
				F00FC95A29C0F5E400F31386 /* VeriEkleViewController.swift in Sources */,
				F00FC94329C0F1EC00F31386 /* SceneDelegate.swift in Sources */,
				F00FC95829C0F5D800F31386 /* VeriDetayViewController.swift in Sources */,
			);
			runOnlyForDeploymentPostprocessing = 0;
		};
/* End PBXSourcesBuildPhase section */

/* Begin PBXVariantGroup section */
		F00FC94629C0F1EC00F31386 /* Main.storyboard */ = {
			isa = PBXVariantGroup;
			children = (
				F00FC94729C0F1EC00F31386 /* Base */,
			);
			name = Main.storyboard;
			sourceTree = "<group>";
		};
		F00FC94E29C0F1F100F31386 /* LaunchScreen.storyboard */ = {
			isa = PBXVariantGroup;
			children = (
				F00FC94F29C0F1F100F31386 /* Base */,
			);
			name = LaunchScreen.storyboard;
			sourceTree = "<group>";
		};
/* End PBXVariantGroup section */

/* Begin XCBuildConfiguration section */
		F00FC95229C0F1F100F31386 /* Debug */ = {
			isa = XCBuildConfiguration;
			buildSettings = {
				ALWAYS_SEARCH_USER_PATHS = NO;
				CLANG_ANALYZER_NONNULL = YES;
				CLANG_ANALYZER_NUMBER_OBJECT_CONVERSION = YES_AGGRESSIVE;
				CLANG_CXX_LANGUAGE_STANDARD = "gnu++20";
				CLANG_ENABLE_MODULES = YES;
				CLANG_ENABLE_OBJC_ARC = YES;
				CLANG_ENABLE_OBJC_WEAK = YES;
				CLANG_WARN_BLOCK_CAPTURE_AUTORELEASING = YES;
				CLANG_WARN_BOOL_CONVERSION = YES;
				CLANG_WARN_COMMA = YES;
				CLANG_WARN_CONSTANT_CONVERSION = YES;
				CLANG_WARN_DEPRECATED_OBJC_IMPLEMENTATIONS = YES;
				CLANG_WARN_DIRECT_OBJC_ISA_USAGE = YES_ERROR;
				CLANG_WARN_DOCUMENTATION_COMMENTS = YES;
				CLANG_WARN_EMPTY_BODY = YES;
				CLANG_WARN_ENUM_CONVERSION = YES;
				CLANG_WARN_INFINITE_RECURSION = YES;
				CLANG_WARN_INT_CONVERSION = YES;
				CLANG_WARN_NON_LITERAL_NULL_CONVERSION = YES;
				CLANG_WARN_OBJC_IMPLICIT_RETAIN_SELF = YES;
				CLANG_WARN_OBJC_LITERAL_CONVERSION = YES;
				CLANG_WARN_OBJC_ROOT_CLASS = YES_ERROR;
				CLANG_WARN_QUOTED_INCLUDE_IN_FRAMEWORK_HEADER = YES;
				CLANG_WARN_RANGE_LOOP_ANALYSIS = YES;
				CLANG_WARN_STRICT_PROTOTYPES = YES;
				CLANG_WARN_SUSPICIOUS_MOVE = YES;
				CLANG_WARN_UNGUARDED_AVAILABILITY = YES_AGGRESSIVE;
				CLANG_WARN_UNREACHABLE_CODE = YES;
				CLANG_WARN__DUPLICATE_METHOD_MATCH = YES;
				COPY_PHASE_STRIP = NO;
				DEBUG_INFORMATION_FORMAT = dwarf;
				ENABLE_STRICT_OBJC_MSGSEND = YES;
				ENABLE_TESTABILITY = YES;
				GCC_C_LANGUAGE_STANDARD = gnu11;
				GCC_DYNAMIC_NO_PIC = NO;
				GCC_NO_COMMON_BLOCKS = YES;
				GCC_OPTIMIZATION_LEVEL = 0;
				GCC_PREPROCESSOR_DEFINITIONS = (
					"DEBUG=1",
					"$(inherited)",
				);
				GCC_WARN_64_TO_32_BIT_CONVERSION = YES;
				GCC_WARN_ABOUT_RETURN_TYPE = YES_ERROR;
				GCC_WARN_UNDECLARED_SELECTOR = YES;
				GCC_WARN_UNINITIALIZED_AUTOS = YES_AGGRESSIVE;
				GCC_WARN_UNUSED_FUNCTION = YES;
				GCC_WARN_UNUSED_VARIABLE = YES;
				IPHONEOS_DEPLOYMENT_TARGET = 16.2;
				MTL_ENABLE_DEBUG_INFO = INCLUDE_SOURCE;
				MTL_FAST_MATH = YES;
				ONLY_ACTIVE_ARCH = YES;
				SDKROOT = iphoneos;
				SWIFT_ACTIVE_COMPILATION_CONDITIONS = DEBUG;
				SWIFT_OPTIMIZATION_LEVEL = "-Onone";
			};
			name = Debug;
		};
		F00FC95329C0F1F100F31386 /* Release */ = {
			isa = XCBuildConfiguration;
			buildSettings = {
				ALWAYS_SEARCH_USER_PATHS = NO;
				CLANG_ANALYZER_NONNULL = YES;
				CLANG_ANALYZER_NUMBER_OBJECT_CONVERSION = YES_AGGRESSIVE;
				CLANG_CXX_LANGUAGE_STANDARD = "gnu++20";
				CLANG_ENABLE_MODULES = YES;
				CLANG_ENABLE_OBJC_ARC = YES;
				CLANG_ENABLE_OBJC_WEAK = YES;
				CLANG_WARN_BLOCK_CAPTURE_AUTORELEASING = YES;
				CLANG_WARN_BOOL_CONVERSION = YES;
				CLANG_WARN_COMMA = YES;
				CLANG_WARN_CONSTANT_CONVERSION = YES;
				CLANG_WARN_DEPRECATED_OBJC_IMPLEMENTATIONS = YES;
				CLANG_WARN_DIRECT_OBJC_ISA_USAGE = YES_ERROR;
				CLANG_WARN_DOCUMENTATION_COMMENTS = YES;
				CLANG_WARN_EMPTY_BODY = YES;
				CLANG_WARN_ENUM_CONVERSION = YES;
				CLANG_WARN_INFINITE_RECURSION = YES;
				CLANG_WARN_INT_CONVERSION = YES;
				CLANG_WARN_NON_LITERAL_NULL_CONVERSION = YES;
				CLANG_WARN_OBJC_IMPLICIT_RETAIN_SELF = YES;
				CLANG_WARN_OBJC_LITERAL_CONVERSION = YES;
				CLANG_WARN_OBJC_ROOT_CLASS = YES_ERROR;
				CLANG_WARN_QUOTED_INCLUDE_IN_FRAMEWORK_HEADER = YES;
				CLANG_WARN_RANGE_LOOP_ANALYSIS = YES;
				CLANG_WARN_STRICT_PROTOTYPES = YES;
				CLANG_WARN_SUSPICIOUS_MOVE = YES;
				CLANG_WARN_UNGUARDED_AVAILABILITY = YES_AGGRESSIVE;
				CLANG_WARN_UNREACHABLE_CODE = YES;
				CLANG_WARN__DUPLICATE_METHOD_MATCH = YES;
				COPY_PHASE_STRIP = NO;
				DEBUG_INFORMATION_FORMAT = "dwarf-with-dsym";
				ENABLE_NS_ASSERTIONS = NO;
				ENABLE_STRICT_OBJC_MSGSEND = YES;
				GCC_C_LANGUAGE_STANDARD = gnu11;
				GCC_NO_COMMON_BLOCKS = YES;
				GCC_WARN_64_TO_32_BIT_CONVERSION = YES;
				GCC_WARN_ABOUT_RETURN_TYPE = YES_ERROR;
				GCC_WARN_UNDECLARED_SELECTOR = YES;
				GCC_WARN_UNINITIALIZED_AUTOS = YES_AGGRESSIVE;
				GCC_WARN_UNUSED_FUNCTION = YES;
				GCC_WARN_UNUSED_VARIABLE = YES;
				IPHONEOS_DEPLOYMENT_TARGET = 16.2;
				MTL_ENABLE_DEBUG_INFO = NO;
				MTL_FAST_MATH = YES;
				SDKROOT = iphoneos;
				SWIFT_COMPILATION_MODE = wholemodule;
				SWIFT_OPTIMIZATION_LEVEL = "-O";
				VALIDATE_PRODUCT = YES;
			};
			name = Release;
		};
		F00FC95529C0F1F100F31386 /* Debug */ = {
			isa = XCBuildConfiguration;
			buildSettings = {
				ASSETCATALOG_COMPILER_APPICON_NAME = AppIcon;
				ASSETCATALOG_COMPILER_GLOBAL_ACCENT_COLOR_NAME = AccentColor;
				CODE_SIGN_STYLE = Automatic;
				CURRENT_PROJECT_VERSION = 1;
				DEVELOPMENT_TEAM = NJJ9RPZ7XR;
				GENERATE_INFOPLIST_FILE = YES;
				INFOPLIST_FILE = MapApp/Info.plist;
				INFOPLIST_KEY_UIApplicationSupportsIndirectInputEvents = YES;
				INFOPLIST_KEY_UILaunchStoryboardName = LaunchScreen;
				INFOPLIST_KEY_UIMainStoryboardFile = Main;
				INFOPLIST_KEY_UISupportedInterfaceOrientations_iPad = "UIInterfaceOrientationPortrait UIInterfaceOrientationPortraitUpsideDown UIInterfaceOrientationLandscapeLeft UIInterfaceOrientationLandscapeRight";
				INFOPLIST_KEY_UISupportedInterfaceOrientations_iPhone = "UIInterfaceOrientationPortrait UIInterfaceOrientationLandscapeLeft UIInterfaceOrientationLandscapeRight";
				LD_RUNPATH_SEARCH_PATHS = (
					"$(inherited)",
					"@executable_path/Frameworks",
				);
				MARKETING_VERSION = 1.0;
				PRODUCT_BUNDLE_IDENTIFIER = com.yunusberdibekk.MapApp;
				PRODUCT_NAME = "$(TARGET_NAME)";
				SWIFT_EMIT_LOC_STRINGS = YES;
				SWIFT_VERSION = 5.0;
				TARGETED_DEVICE_FAMILY = "1,2";
			};
			name = Debug;
		};
		F00FC95629C0F1F100F31386 /* Release */ = {
			isa = XCBuildConfiguration;
			buildSettings = {
				ASSETCATALOG_COMPILER_APPICON_NAME = AppIcon;
				ASSETCATALOG_COMPILER_GLOBAL_ACCENT_COLOR_NAME = AccentColor;
				CODE_SIGN_STYLE = Automatic;
				CURRENT_PROJECT_VERSION = 1;
				DEVELOPMENT_TEAM = NJJ9RPZ7XR;
				GENERATE_INFOPLIST_FILE = YES;
				INFOPLIST_FILE = MapApp/Info.plist;
				INFOPLIST_KEY_UIApplicationSupportsIndirectInputEvents = YES;
				INFOPLIST_KEY_UILaunchStoryboardName = LaunchScreen;
				INFOPLIST_KEY_UIMainStoryboardFile = Main;
				INFOPLIST_KEY_UISupportedInterfaceOrientations_iPad = "UIInterfaceOrientationPortrait UIInterfaceOrientationPortraitUpsideDown UIInterfaceOrientationLandscapeLeft UIInterfaceOrientationLandscapeRight";
				INFOPLIST_KEY_UISupportedInterfaceOrientations_iPhone = "UIInterfaceOrientationPortrait UIInterfaceOrientationLandscapeLeft UIInterfaceOrientationLandscapeRight";
				LD_RUNPATH_SEARCH_PATHS = (
					"$(inherited)",
					"@executable_path/Frameworks",
				);
				MARKETING_VERSION = 1.0;
				PRODUCT_BUNDLE_IDENTIFIER = com.yunusberdibekk.MapApp;
				PRODUCT_NAME = "$(TARGET_NAME)";
				SWIFT_EMIT_LOC_STRINGS = YES;
				SWIFT_VERSION = 5.0;
				TARGETED_DEVICE_FAMILY = "1,2";
			};
			name = Release;
		};
/* End XCBuildConfiguration section */

/* Begin XCConfigurationList section */
		F00FC93829C0F1EC00F31386 /* Build configuration list for PBXProject "MapApp" */ = {
			isa = XCConfigurationList;
			buildConfigurations = (
				F00FC95229C0F1F100F31386 /* Debug */,
				F00FC95329C0F1F100F31386 /* Release */,
			);
			defaultConfigurationIsVisible = 0;
			defaultConfigurationName = Release;
		};
		F00FC95429C0F1F100F31386 /* Build configuration list for PBXNativeTarget "MapApp" */ = {
			isa = XCConfigurationList;
			buildConfigurations = (
				F00FC95529C0F1F100F31386 /* Debug */,
				F00FC95629C0F1F100F31386 /* Release */,
			);
			defaultConfigurationIsVisible = 0;
			defaultConfigurationName = Release;
		};
/* End XCConfigurationList section */

/* Begin XCVersionGroup section */
		F00FC94929C0F1EC00F31386 /* MapApp.xcdatamodeld */ = {
			isa = XCVersionGroup;
			children = (
				F00FC94A29C0F1EC00F31386 /* MapApp.xcdatamodel */,
			);
			currentVersion = F00FC94A29C0F1EC00F31386 /* MapApp.xcdatamodel */;
			path = MapApp.xcdatamodeld;
			sourceTree = "<group>";
			versionGroupType = wrapper.xcdatamodel;
		};
/* End XCVersionGroup section */
	};
	rootObject = F00FC93529C0F1EC00F31386 /* Project object */;
}
